{
  "object": {
    "pins": [
      {
        "package": "SetGameEngine",
        "repositoryURL": "https://github.com/hsharghi/SetGameEngine",
        "state": {
          "branch": "master",
          "revision": "f24d84a5191e589f953255f48872da3b0a399921",
          "version": null
        }
      }
    ]
  },
  "version": 1
}
